// !$*UTF8*$!
{
	archiveVersion = 1;
	classes = {
	};
	objectVersion = 46;
	objects = {

/* Begin PBXBuildFile section */
		C227462F1B94D70B00FA143E /* AppDelegate.swift in Sources */ = {isa = PBXBuildFile; fileRef = C227462E1B94D70B00FA143E /* AppDelegate.swift */; };
		C22746311B94D70B00FA143E /* ViewController.swift in Sources */ = {isa = PBXBuildFile; fileRef = C22746301B94D70B00FA143E /* ViewController.swift */; };
		C22746341B94D70B00FA143E /* Main.storyboard in Resources */ = {isa = PBXBuildFile; fileRef = C22746321B94D70B00FA143E /* Main.storyboard */; };
		C22746361B94D70B00FA143E /* Images.xcassets in Resources */ = {isa = PBXBuildFile; fileRef = C22746351B94D70B00FA143E /* Images.xcassets */; };
		C22746391B94D70B00FA143E /* LaunchScreen.xib in Resources */ = {isa = PBXBuildFile; fileRef = C22746371B94D70B00FA143E /* LaunchScreen.xib */; };
		C22746451B94D70B00FA143E /* Pet_AgeTests.swift in Sources */ = {isa = PBXBuildFile; fileRef = C22746441B94D70B00FA143E /* Pet_AgeTests.swift */; };
/* End PBXBuildFile section */

/* Begin PBXContainerItemProxy section */
		C227463F1B94D70B00FA143E /* PBXContainerItemProxy */ = {
			isa = PBXContainerItemProxy;
			containerPortal = C22746211B94D70B00FA143E /* Project object */;
			proxyType = 1;
			remoteGlobalIDString = C22746281B94D70B00FA143E;
			remoteInfo = "Pet Age";
		};
/* End PBXContainerItemProxy section */

/* Begin PBXFileReference section */
		C22746291B94D70B00FA143E /* Pet Age.app */ = {isa = PBXFileReference; explicitFileType = wrapper.application; includeInIndex = 0; path = "Pet Age.app"; sourceTree = BUILT_PRODUCTS_DIR; };
		C227462D1B94D70B00FA143E /* Info.plist */ = {isa = PBXFileReference; lastKnownFileType = text.plist.xml; path = Info.plist; sourceTree = "<group>"; };
		C227462E1B94D70B00FA143E /* AppDelegate.swift */ = {isa = PBXFileReference; lastKnownFileType = sourcecode.swift; path = AppDelegate.swift; sourceTree = "<group>"; };
		C22746301B94D70B00FA143E /* ViewController.swift */ = {isa = PBXFileReference; lastKnownFileType = sourcecode.swift; path = ViewController.swift; sourceTree = "<group>"; };
		C22746331B94D70B00FA143E /* Base */ = {isa = PBXFileReference; lastKnownFileType = file.storyboard; name = Base; path = Base.lproj/Main.storyboard; sourceTree = "<group>"; };
		C22746351B94D70B00FA143E /* Images.xcassets */ = {isa = PBXFileReference; lastKnownFileType = folder.assetcatalog; path = Images.xcassets; sourceTree = "<group>"; };
		C22746381B94D70B00FA143E /* Base */ = {isa = PBXFileReference; lastKnownFileType = file.xib; name = Base; path = Base.lproj/LaunchScreen.xib; sourceTree = "<group>"; };
		C227463E1B94D70B00FA143E /* Pet AgeTests.xctest */ = {isa = PBXFileReference; explicitFileType = wrapper.cfbundle; includeInIndex = 0; path = "Pet AgeTests.xctest"; sourceTree = BUILT_PRODUCTS_DIR; };
		C22746431B94D70B00FA143E /* Info.plist */ = {isa = PBXFileReference; lastKnownFileType = text.plist.xml; path = Info.plist; sourceTree = "<group>"; };
		C22746441B94D70B00FA143E /* Pet_AgeTests.swift */ = {isa = PBXFileReference; lastKnownFileType = sourcecode.swift; path = Pet_AgeTests.swift; sourceTree = "<group>"; };
/* End PBXFileReference section */

/* Begin PBXFrameworksBuildPhase section */
		C22746261B94D70B00FA143E /* Frameworks */ = {
			isa = PBXFrameworksBuildPhase;
			buildActionMask = 2147483647;
			files = (
			);
			runOnlyForDeploymentPostprocessing = 0;
		};
		C227463B1B94D70B00FA143E /* Frameworks */ = {
			isa = PBXFrameworksBuildPhase;
			buildActionMask = 2147483647;
			files = (
			);
			runOnlyForDeploymentPostprocessing = 0;
		};
/* End PBXFrameworksBuildPhase section */

/* Begin PBXGroup section */
		C22746201B94D70B00FA143E = {
			isa = PBXGroup;
			children = (
				C227462B1B94D70B00FA143E /* Pet Age */,
				C22746411B94D70B00FA143E /* Pet AgeTests */,
				C227462A1B94D70B00FA143E /* Products */,
			);
			sourceTree = "<group>";
		};
		C227462A1B94D70B00FA143E /* Products */ = {
			isa = PBXGroup;
			children = (
				C22746291B94D70B00FA143E /* Pet Age.app */,
				C227463E1B94D70B00FA143E /* Pet AgeTests.xctest */,
			);
			name = Products;
			sourceTree = "<group>";
		};
		C227462B1B94D70B00FA143E /* Pet Age */ = {
			isa = PBXGroup;
			children = (
				C227462E1B94D70B00FA143E /* AppDelegate.swift */,
				C22746301B94D70B00FA143E /* ViewController.swift */,
				C22746321B94D70B00FA143E /* Main.storyboard */,
				C22746351B94D70B00FA143E /* Images.xcassets */,
				C22746371B94D70B00FA143E /* LaunchScreen.xib */,
				C227462C1B94D70B00FA143E /* Supporting Files */,
			);
			path = "Pet Age";
			sourceTree = "<group>";
		};
		C227462C1B94D70B00FA143E /* Supporting Files */ = {
			isa = PBXGroup;
			children = (
				C227462D1B94D70B00FA143E /* Info.plist */,
			);
			name = "Supporting Files";
			sourceTree = "<group>";
		};
		C22746411B94D70B00FA143E /* Pet AgeTests */ = {
			isa = PBXGroup;
			children = (
				C22746441B94D70B00FA143E /* Pet_AgeTests.swift */,
				C22746421B94D70B00FA143E /* Supporting Files */,
			);
			path = "Pet AgeTests";
			sourceTree = "<group>";
		};
		C22746421B94D70B00FA143E /* Supporting Files */ = {
			isa = PBXGroup;
			children = (
				C22746431B94D70B00FA143E /* Info.plist */,
			);
			name = "Supporting Files";
			sourceTree = "<group>";
		};
/* End PBXGroup section */

/* Begin PBXNativeTarget section */
		C22746281B94D70B00FA143E /* Pet Age */ = {
			isa = PBXNativeTarget;
			buildConfigurationList = C22746481B94D70B00FA143E /* Build configuration list for PBXNativeTarget "Pet Age" */;
			buildPhases = (
				C22746251B94D70B00FA143E /* Sources */,
				C22746261B94D70B00FA143E /* Frameworks */,
				C22746271B94D70B00FA143E /* Resources */,
			);
			buildRules = (
			);
			dependencies = (
			);
			name = "Pet Age";
			productName = "Pet Age";
			productReference = C22746291B94D70B00FA143E /* Pet Age.app */;
			productType = "com.apple.product-type.application";
		};
		C227463D1B94D70B00FA143E /* Pet AgeTests */ = {
			isa = PBXNativeTarget;
			buildConfigurationList = C227464B1B94D70B00FA143E /* Build configuration list for PBXNativeTarget "Pet AgeTests" */;
			buildPhases = (
				C227463A1B94D70B00FA143E /* Sources */,
				C227463B1B94D70B00FA143E /* Frameworks */,
				C227463C1B94D70B00FA143E /* Resources */,
			);
			buildRules = (
			);
			dependencies = (
				C22746401B94D70B00FA143E /* PBXTargetDependency */,
			);
			name = "Pet AgeTests";
			productName = "Pet AgeTests";
			productReference = C227463E1B94D70B00FA143E /* Pet AgeTests.xctest */;
			productType = "com.apple.product-type.bundle.unit-test";
		};
/* End PBXNativeTarget section */

/* Begin PBXProject section */
		C22746211B94D70B00FA143E /* Project object */ = {
			isa = PBXProject;
			attributes = {
				LastUpgradeCheck = 0640;
				ORGANIZATIONNAME = "Sekou Perry";
				TargetAttributes = {
					C22746281B94D70B00FA143E = {
						CreatedOnToolsVersion = 6.4;
					};
					C227463D1B94D70B00FA143E = {
						CreatedOnToolsVersion = 6.4;
						TestTargetID = C22746281B94D70B00FA143E;
					};
				};
			};
			buildConfigurationList = C22746241B94D70B00FA143E /* Build configuration list for PBXProject "Pet Age" */;
			compatibilityVersion = "Xcode 3.2";
			developmentRegion = English;
			hasScannedForEncodings = 0;
			knownRegions = (
				en,
				Base,
			);
			mainGroup = C22746201B94D70B00FA143E;
			productRefGroup = C227462A1B94D70B00FA143E /* Products */;
			projectDirPath = "";
			projectRoot = "";
			targets = (
				C22746281B94D70B00FA143E /* Pet Age */,
				C227463D1B94D70B00FA143E /* Pet AgeTests */,
			);
		};
/* End PBXProject section */

/* Begin PBXResourcesBuildPhase section */
		C22746271B94D70B00FA143E /* Resources */ = {
			isa = PBXResourcesBuildPhase;
			buildActionMask = 2147483647;
			files = (
				C22746341B94D70B00FA143E /* Main.storyboard in Resources */,
				C22746391B94D70B00FA143E /* LaunchScreen.xib in Resources */,
				C22746361B94D70B00FA143E /* Images.xcassets in Resources */,
			);
			runOnlyForDeploymentPostprocessing = 0;
		};
		C227463C1B94D70B00FA143E /* Resources */ = {
			isa = PBXResourcesBuildPhase;
			buildActionMask = 2147483647;
			files = (
			);
			runOnlyForDeploymentPostprocessing = 0;
		};
/* End PBXResourcesBuildPhase section */

/* Begin PBXSourcesBuildPhase section */
		C22746251B94D70B00FA143E /* Sources */ = {
			isa = PBXSourcesBuildPhase;
			buildActionMask = 2147483647;
			files = (
				C22746311B94D70B00FA143E /* ViewController.swift in Sources */,
				C227462F1B94D70B00FA143E /* AppDelegate.swift in Sources */,
			);
			runOnlyForDeploymentPostprocessing = 0;
		};
		C227463A1B94D70B00FA143E /* Sources */ = {
			isa = PBXSourcesBuildPhase;
			buildActionMask = 2147483647;
			files = (
				C22746451B94D70B00FA143E /* Pet_AgeTests.swift in Sources */,
			);
			runOnlyForDeploymentPostprocessing = 0;
		};
/* End PBXSourcesBuildPhase section */

/* Begin PBXTargetDependency section */
		C22746401B94D70B00FA143E /* PBXTargetDependency */ = {
			isa = PBXTargetDependency;
			target = C22746281B94D70B00FA143E /* Pet Age */;
			targetProxy = C227463F1B94D70B00FA143E /* PBXContainerItemProxy */;
		};
/* End PBXTargetDependency section */

/* Begin PBXVariantGroup section */
		C22746321B94D70B00FA143E /* Main.storyboard */ = {
			isa = PBXVariantGroup;
			children = (
				C22746331B94D70B00FA143E /* Base */,
			);
			name = Main.storyboard;
			sourceTree = "<group>";
		};
		C22746371B94D70B00FA143E /* LaunchScreen.xib */ = {
			isa = PBXVariantGroup;
			children = (
				C22746381B94D70B00FA143E /* Base */,
			);
			name = LaunchScreen.xib;
			sourceTree = "<group>";
		};
/* End PBXVariantGroup section */

/* Begin XCBuildConfiguration section */
		C22746461B94D70B00FA143E /* Debug */ = {
			isa = XCBuildConfiguration;
			buildSettings = {
				ALWAYS_SEARCH_USER_PATHS = NO;
				CLANG_CXX_LANGUAGE_STANDARD = "gnu++0x";
				CLANG_CXX_LIBRARY = "libc++";
				CLANG_ENABLE_MODULES = YES;
				CLANG_ENABLE_OBJC_ARC = YES;
				CLANG_WARN_BOOL_CONVERSION = YES;
				CLANG_WARN_CONSTANT_CONVERSION = YES;
				CLANG_WARN_DIRECT_OBJC_ISA_USAGE = YES_ERROR;
				CLANG_WARN_EMPTY_BODY = YES;
				CLANG_WARN_ENUM_CONVERSION = YES;
				CLANG_WARN_INT_CONVERSION = YES;
				CLANG_WARN_OBJC_ROOT_CLASS = YES_ERROR;
				CLANG_WARN_UNREACHABLE_CODE = YES;
				CLANG_WARN__DUPLICATE_METHOD_MATCH = YES;
				"CODE_SIGN_IDENTITY[sdk=iphoneos*]" = "iPhone Developer";
				COPY_PHASE_STRIP = NO;
				DEBUG_INFORMATION_FORMAT = "dwarf-with-dsym";
				ENABLE_STRICT_OBJC_MSGSEND = YES;
				GCC_C_LANGUAGE_STANDARD = gnu99;
				GCC_DYNAMIC_NO_PIC = NO;
				GCC_NO_COMMON_BLOCKS = YES;
				GCC_OPTIMIZATION_LEVEL = 0;
				GCC_PREPROCESSOR_DEFINITIONS = (
					"DEBUG=1",
					"$(inherited)",
				);
				GCC_SYMBOLS_PRIVATE_EXTERN = NO;
				GCC_WARN_64_TO_32_BIT_CONVERSION = YES;
				GCC_WARN_ABOUT_RETURN_TYPE = YES_ERROR;
				GCC_WARN_UNDECLARED_SELECTOR = YES;
				GCC_WARN_UNINITIALIZED_AUTOS = YES_AGGRESSIVE;
				GCC_WARN_UNUSED_FUNCTION = YES;
				GCC_WARN_UNUSED_VARIABLE = YES;
				IPHONEOS_DEPLOYMENT_TARGET = 8.4;
				MTL_ENABLE_DEBUG_INFO = YES;
				ONLY_ACTIVE_ARCH = YES;
				SDKROOT = iphoneos;
				SWIFT_OPTIMIZATION_LEVEL = "-Onone";
			};
			name = Debug;
		};
		C22746471B94D70B00FA143E /* Release */ = {
			isa = XCBuildConfiguration;
			buildSettings = {
				ALWAYS_SEARCH_USER_PATHS = NO;
				CLANG_CXX_LANGUAGE_STANDARD = "gnu++0x";
				CLANG_CXX_LIBRARY = "libc++";
				CLANG_ENABLE_MODULES = YES;
				CLANG_ENABLE_OBJC_ARC = YES;
				CLANG_WARN_BOOL_CONVERSION = YES;
				CLANG_WARN_CONSTANT_CONVERSION = YES;
				CLANG_WARN_DIRECT_OBJC_ISA_USAGE = YES_ERROR;
				CLANG_WARN_EMPTY_BODY = YES;
				CLANG_WARN_ENUM_CONVERSION = YES;
				CLANG_WARN_INT_CONVERSION = YES;
				CLANG_WARN_OBJC_ROOT_CLASS = YES_ERROR;
				CLANG_WARN_UNREACHABLE_CODE = YES;
				CLANG_WARN__DUPLICATE_METHOD_MATCH = YES;
				"CODE_SIGN_IDENTITY[sdk=iphoneos*]" = "iPhone Developer";
				COPY_PHASE_STRIP = NO;
				DEBUG_INFORMATION_FORMAT = "dwarf-with-dsym";
				ENABLE_NS_ASSERTIONS = NO;
				ENABLE_STRICT_OBJC_MSGSEND = YES;
				GCC_C_LANGUAGE_STANDARD = gnu99;
				GCC_NO_COMMON_BLOCKS = YES;
				GCC_WARN_64_TO_32_BIT_CONVERSION = YES;
				GCC_WARN_ABOUT_RETURN_TYPE = YES_ERROR;
				GCC_WARN_UNDECLARED_SELECTOR = YES;
				GCC_WARN_UNINITIALIZED_AUTOS = YES_AGGRESSIVE;
				GCC_WARN_UNUSED_FUNCTION = YES;
				GCC_WARN_UNUSED_VARIABLE = YES;
				IPHONEOS_DEPLOYMENT_TARGET = 8.4;
				MTL_ENABLE_DEBUG_INFO = NO;
				SDKROOT = iphoneos;
				VALIDATE_PRODUCT = YES;
			};
			name = Release;
		};
		C22746491B94D70B00FA143E /* Debug */ = {
			isa = XCBuildConfiguration;
			buildSettings = {
				ASSETCATALOG_COMPILER_APPICON_NAME = AppIcon;
				INFOPLIST_FILE = "Pet Age/Info.plist";
				LD_RUNPATH_SEARCH_PATHS = "$(inherited) @executable_path/Frameworks";
				PRODUCT_NAME = "$(TARGET_NAME)";
			};
			name = Debug;
		};
		C227464A1B94D70B00FA143E /* Release */ = {
			isa = XCBuildConfiguration;
			buildSettings = {
				ASSETCATALOG_COMPILER_APPICON_NAME = AppIcon;
				INFOPLIST_FILE = "Pet Age/Info.plist";
				LD_RUNPATH_SEARCH_PATHS = "$(inherited) @executable_path/Frameworks";
				PRODUCT_NAME = "$(TARGET_NAME)";
			};
			name = Release;
		};
		C227464C1B94D70B00FA143E /* Debug */ = {
			isa = XCBuildConfiguration;
			buildSettings = {
				BUNDLE_LOADER = "$(TEST_HOST)";
				FRAMEWORK_SEARCH_PATHS = (
					"$(SDKROOT)/Developer/Library/Frameworks",
					"$(inherited)",
				);
				GCC_PREPROCESSOR_DEFINITIONS = (
					"DEBUG=1",
					"$(inherited)",
				);
				INFOPLIST_FILE = "Pet AgeTests/Info.plist";
				LD_RUNPATH_SEARCH_PATHS = "$(inherited) @executable_path/Frameworks @loader_path/Frameworks";
				PRODUCT_NAME = "$(TARGET_NAME)";
				TEST_HOST = "$(BUILT_PRODUCTS_DIR)/Pet Age.app/Pet Age";
			};
			name = Debug;
		};
		C227464D1B94D70B00FA143E /* Release */ = {
			isa = XCBuildConfiguration;
			buildSettings = {
				BUNDLE_LOADER = "$(TEST_HOST)";
				FRAMEWORK_SEARCH_PATHS = (
					"$(SDKROOT)/Developer/Library/Frameworks",
					"$(inherited)",
				);
				INFOPLIST_FILE = "Pet AgeTests/Info.plist";
				LD_RUNPATH_SEARCH_PATHS = "$(inherited) @executable_path/Frameworks @loader_path/Frameworks";
				PRODUCT_NAME = "$(TARGET_NAME)";
				TEST_HOST = "$(BUILT_PRODUCTS_DIR)/Pet Age.app/Pet Age";
			};
			name = Release;
		};
/* End XCBuildConfiguration section */

/* Begin XCConfigurationList section */
		C22746241B94D70B00FA143E /* Build configuration list for PBXProject "Pet Age" */ = {
			isa = XCConfigurationList;
			buildConfigurations = (
				C22746461B94D70B00FA143E /* Debug */,
				C22746471B94D70B00FA143E /* Release */,
			);
			defaultConfigurationIsVisible = 0;
			defaultConfigurationName = Release;
		};
		C22746481B94D70B00FA143E /* Build configuration list for PBXNativeTarget "Pet Age" */ = {
			isa = XCConfigurationList;
			buildConfigurations = (
				C22746491B94D70B00FA143E /* Debug */,
				C227464A1B94D70B00FA143E /* Release */,
			);
			defaultConfigurationIsVisible = 0;
		};
		C227464B1B94D70B00FA143E /* Build configuration list for PBXNativeTarget "Pet AgeTests" */ = {
			isa = XCConfigurationList;
			buildConfigurations = (
				C227464C1B94D70B00FA143E /* Debug */,
				C227464D1B94D70B00FA143E /* Release */,
			);
			defaultConfigurationIsVisible = 0;
		};
/* End XCConfigurationList section */
	};
	rootObject = C22746211B94D70B00FA143E /* Project object */;
}
